// !$*UTF8*$!
{
	archiveVersion = 1;
	classes = {
	};
	objectVersion = 46;
	objects = {

/* Begin PBXBuildFile section */
		4A95972B1E6091A7008BE9DD /* AppDelegate.swift in Sources */ = {isa = PBXBuildFile; fileRef = 4A95972A1E6091A7008BE9DD /* AppDelegate.swift */; };
		4A9597301E6091A7008BE9DD /* Main.storyboard in Resources */ = {isa = PBXBuildFile; fileRef = 4A95972E1E6091A7008BE9DD /* Main.storyboard */; };
		4A9597321E6091A7008BE9DD /* Assets.xcassets in Resources */ = {isa = PBXBuildFile; fileRef = 4A9597311E6091A7008BE9DD /* Assets.xcassets */; };
		4A9597351E6091A7008BE9DD /* LaunchScreen.storyboard in Resources */ = {isa = PBXBuildFile; fileRef = 4A9597331E6091A7008BE9DD /* LaunchScreen.storyboard */; };
		4A9597431E609433008BE9DD /* Contact.swift in Sources */ = {isa = PBXBuildFile; fileRef = 4A9597421E609433008BE9DD /* Contact.swift */; };
		4A9597451E609441008BE9DD /* Contact Controller.swift in Sources */ = {isa = PBXBuildFile; fileRef = 4A9597441E609441008BE9DD /* Contact Controller.swift */; };
		4A9597471E609463008BE9DD /* ContactListTableViewController.swift in Sources */ = {isa = PBXBuildFile; fileRef = 4A9597461E609463008BE9DD /* ContactListTableViewController.swift */; };
		4A9597491E609476008BE9DD /* ContactDetailViewController.swift in Sources */ = {isa = PBXBuildFile; fileRef = 4A9597481E609476008BE9DD /* ContactDetailViewController.swift */; };
		4A95974C1E6094CB008BE9DD /* Keys.swift in Sources */ = {isa = PBXBuildFile; fileRef = 4A95974B1E6094CB008BE9DD /* Keys.swift */; };
		4A95974E1E609648008BE9DD /* CloudKitManager.swift in Sources */ = {isa = PBXBuildFile; fileRef = 4A95974D1E609648008BE9DD /* CloudKitManager.swift */; };
		4A9597511E609F9A008BE9DD /* CloudKit.framework in Frameworks */ = {isa = PBXBuildFile; fileRef = 4A9597501E609F9A008BE9DD /* CloudKit.framework */; };
		4A9597531E60AE44008BE9DD /* AddNewContactViewController.swift in Sources */ = {isa = PBXBuildFile; fileRef = 4A9597521E60AE44008BE9DD /* AddNewContactViewController.swift */; };
/* End PBXBuildFile section */

/* Begin PBXFileReference section */
		4A9597271E6091A7008BE9DD /* Contacts.app */ = {isa = PBXFileReference; explicitFileType = wrapper.application; includeInIndex = 0; path = Contacts.app; sourceTree = BUILT_PRODUCTS_DIR; };
		4A95972A1E6091A7008BE9DD /* AppDelegate.swift */ = {isa = PBXFileReference; lastKnownFileType = sourcecode.swift; path = AppDelegate.swift; sourceTree = "<group>"; };
		4A95972F1E6091A7008BE9DD /* Base */ = {isa = PBXFileReference; lastKnownFileType = file.storyboard; name = Base; path = Base.lproj/Main.storyboard; sourceTree = "<group>"; };
		4A9597311E6091A7008BE9DD /* Assets.xcassets */ = {isa = PBXFileReference; lastKnownFileType = folder.assetcatalog; path = Assets.xcassets; sourceTree = "<group>"; };
		4A9597341E6091A7008BE9DD /* Base */ = {isa = PBXFileReference; lastKnownFileType = file.storyboard; name = Base; path = Base.lproj/LaunchScreen.storyboard; sourceTree = "<group>"; };
		4A9597361E6091A7008BE9DD /* Info.plist */ = {isa = PBXFileReference; lastKnownFileType = text.plist.xml; path = Info.plist; sourceTree = "<group>"; };
		4A95973E1E6091CD008BE9DD /* Contacts.entitlements */ = {isa = PBXFileReference; lastKnownFileType = text.plist.entitlements; path = Contacts.entitlements; sourceTree = "<group>"; };
		4A9597421E609433008BE9DD /* Contact.swift */ = {isa = PBXFileReference; fileEncoding = 4; lastKnownFileType = sourcecode.swift; path = Contact.swift; sourceTree = "<group>"; };
		4A9597441E609441008BE9DD /* Contact Controller.swift */ = {isa = PBXFileReference; fileEncoding = 4; lastKnownFileType = sourcecode.swift; path = "Contact Controller.swift"; sourceTree = "<group>"; };
		4A9597461E609463008BE9DD /* ContactListTableViewController.swift */ = {isa = PBXFileReference; fileEncoding = 4; lastKnownFileType = sourcecode.swift; path = ContactListTableViewController.swift; sourceTree = "<group>"; };
		4A9597481E609476008BE9DD /* ContactDetailViewController.swift */ = {isa = PBXFileReference; fileEncoding = 4; lastKnownFileType = sourcecode.swift; path = ContactDetailViewController.swift; sourceTree = "<group>"; };
		4A95974B1E6094CB008BE9DD /* Keys.swift */ = {isa = PBXFileReference; fileEncoding = 4; lastKnownFileType = sourcecode.swift; path = Keys.swift; sourceTree = "<group>"; };
		4A95974D1E609648008BE9DD /* CloudKitManager.swift */ = {isa = PBXFileReference; fileEncoding = 4; lastKnownFileType = sourcecode.swift; path = CloudKitManager.swift; sourceTree = "<group>"; };
		4A9597501E609F9A008BE9DD /* CloudKit.framework */ = {isa = PBXFileReference; lastKnownFileType = wrapper.framework; name = CloudKit.framework; path = System/Library/Frameworks/CloudKit.framework; sourceTree = SDKROOT; };
		4A9597521E60AE44008BE9DD /* AddNewContactViewController.swift */ = {isa = PBXFileReference; fileEncoding = 4; lastKnownFileType = sourcecode.swift; path = AddNewContactViewController.swift; sourceTree = "<group>"; };
/* End PBXFileReference section */

/* Begin PBXFrameworksBuildPhase section */
		4A9597241E6091A7008BE9DD /* Frameworks */ = {
			isa = PBXFrameworksBuildPhase;
			buildActionMask = 2147483647;
			files = (
				4A9597511E609F9A008BE9DD /* CloudKit.framework in Frameworks */,
			);
			runOnlyForDeploymentPostprocessing = 0;
		};
/* End PBXFrameworksBuildPhase section */

/* Begin PBXGroup section */
		4A95971E1E6091A7008BE9DD = {
			isa = PBXGroup;
			children = (
				4A9597291E6091A7008BE9DD /* Contacts */,
				4A9597281E6091A7008BE9DD /* Products */,
				4A95974F1E609F9A008BE9DD /* Frameworks */,
			);
			sourceTree = "<group>";
		};
		4A9597281E6091A7008BE9DD /* Products */ = {
			isa = PBXGroup;
			children = (
				4A9597271E6091A7008BE9DD /* Contacts.app */,
			);
			name = Products;
			sourceTree = "<group>";
		};
		4A9597291E6091A7008BE9DD /* Contacts */ = {
			isa = PBXGroup;
			children = (
				4A95973E1E6091CD008BE9DD /* Contacts.entitlements */,
				4A95972A1E6091A7008BE9DD /* AppDelegate.swift */,
				4A95973F1E609404008BE9DD /* Model */,
				4A9597401E60940B008BE9DD /* Model Controller */,
				4A9597411E609415008BE9DD /* View Controller */,
				4A95973D1E6091C1008BE9DD /* View */,
				4A95974A1E6094BC008BE9DD /* Helper */,
				4A95973C1E6091B8008BE9DD /* Resources */,
			);
			path = Contacts;
			sourceTree = "<group>";
		};
		4A95973C1E6091B8008BE9DD /* Resources */ = {
			isa = PBXGroup;
			children = (
				4A9597311E6091A7008BE9DD /* Assets.xcassets */,
				4A9597331E6091A7008BE9DD /* LaunchScreen.storyboard */,
				4A9597361E6091A7008BE9DD /* Info.plist */,
			);
			name = Resources;
			sourceTree = "<group>";
		};
		4A95973D1E6091C1008BE9DD /* View */ = {
			isa = PBXGroup;
			children = (
				4A95972E1E6091A7008BE9DD /* Main.storyboard */,
			);
			name = View;
			sourceTree = "<group>";
		};
		4A95973F1E609404008BE9DD /* Model */ = {
			isa = PBXGroup;
			children = (
				4A9597421E609433008BE9DD /* Contact.swift */,
			);
			name = Model;
			sourceTree = "<group>";
		};
		4A9597401E60940B008BE9DD /* Model Controller */ = {
			isa = PBXGroup;
			children = (
				4A9597441E609441008BE9DD /* Contact Controller.swift */,
			);
			name = "Model Controller";
			sourceTree = "<group>";
		};
		4A9597411E609415008BE9DD /* View Controller */ = {
			isa = PBXGroup;
			children = (
				4A9597461E609463008BE9DD /* ContactListTableViewController.swift */,
				4A9597521E60AE44008BE9DD /* AddNewContactViewController.swift */,
				4A9597481E609476008BE9DD /* ContactDetailViewController.swift */,
			);
			name = "View Controller";
			sourceTree = "<group>";
		};
		4A95974A1E6094BC008BE9DD /* Helper */ = {
			isa = PBXGroup;
			children = (
				4A95974B1E6094CB008BE9DD /* Keys.swift */,
				4A95974D1E609648008BE9DD /* CloudKitManager.swift */,
			);
			name = Helper;
			sourceTree = "<group>";
		};
		4A95974F1E609F9A008BE9DD /* Frameworks */ = {
			isa = PBXGroup;
			children = (
				4A9597501E609F9A008BE9DD /* CloudKit.framework */,
			);
			name = Frameworks;
			sourceTree = "<group>";
		};
/* End PBXGroup section */

/* Begin PBXNativeTarget section */
		4A9597261E6091A7008BE9DD /* Contacts */ = {
			isa = PBXNativeTarget;
			buildConfigurationList = 4A9597391E6091A7008BE9DD /* Build configuration list for PBXNativeTarget "Contacts" */;
			buildPhases = (
				4A9597231E6091A7008BE9DD /* Sources */,
				4A9597241E6091A7008BE9DD /* Frameworks */,
				4A9597251E6091A7008BE9DD /* Resources */,
			);
			buildRules = (
			);
			dependencies = (
			);
			name = Contacts;
			productName = Contacts;
			productReference = 4A9597271E6091A7008BE9DD /* Contacts.app */;
			productType = "com.apple.product-type.application";
		};
/* End PBXNativeTarget section */

/* Begin PBXProject section */
		4A95971F1E6091A7008BE9DD /* Project object */ = {
			isa = PBXProject;
			attributes = {
				LastSwiftUpdateCheck = 0820;
				LastUpgradeCheck = 0820;
				ORGANIZATIONNAME = "Chance Robertson";
				TargetAttributes = {
					4A9597261E6091A7008BE9DD = {
						CreatedOnToolsVersion = 8.2.1;
						DevelopmentTeam = W9GXW6462G;
						ProvisioningStyle = Automatic;
						SystemCapabilities = {
							com.apple.Push = {
								enabled = 1;
							};
							com.apple.iCloud = {
								enabled = 1;
							};
						};
					};
				};
			};
			buildConfigurationList = 4A9597221E6091A7008BE9DD /* Build configuration list for PBXProject "Contacts" */;
			compatibilityVersion = "Xcode 3.2";
			developmentRegion = English;
			hasScannedForEncodings = 0;
			knownRegions = (
				en,
				Base,
			);
			mainGroup = 4A95971E1E6091A7008BE9DD;
			productRefGroup = 4A9597281E6091A7008BE9DD /* Products */;
			projectDirPath = "";
			projectRoot = "";
			targets = (
				4A9597261E6091A7008BE9DD /* Contacts */,
			);
		};
/* End PBXProject section */

/* Begin PBXResourcesBuildPhase section */
		4A9597251E6091A7008BE9DD /* Resources */ = {
			isa = PBXResourcesBuildPhase;
			buildActionMask = 2147483647;
			files = (
				4A9597351E6091A7008BE9DD /* LaunchScreen.storyboard in Resources */,
				4A9597321E6091A7008BE9DD /* Assets.xcassets in Resources */,
				4A9597301E6091A7008BE9DD /* Main.storyboard in Resources */,
			);
			runOnlyForDeploymentPostprocessing = 0;
		};
/* End PBXResourcesBuildPhase section */

/* Begin PBXSourcesBuildPhase section */
		4A9597231E6091A7008BE9DD /* Sources */ = {
			isa = PBXSourcesBuildPhase;
			buildActionMask = 2147483647;
			files = (
				4A9597451E609441008BE9DD /* Contact Controller.swift in Sources */,
				4A95974C1E6094CB008BE9DD /* Keys.swift in Sources */,
				4A9597431E609433008BE9DD /* Contact.swift in Sources */,
				4A9597471E609463008BE9DD /* ContactListTableViewController.swift in Sources */,
				4A95974E1E609648008BE9DD /* CloudKitManager.swift in Sources */,
				4A95972B1E6091A7008BE9DD /* AppDelegate.swift in Sources */,
				4A9597531E60AE44008BE9DD /* AddNewContactViewController.swift in Sources */,
				4A9597491E609476008BE9DD /* ContactDetailViewController.swift in Sources */,
			);
			runOnlyForDeploymentPostprocessing = 0;
		};
/* End PBXSourcesBuildPhase section */

/* Begin PBXVariantGroup section */
		4A95972E1E6091A7008BE9DD /* Main.storyboard */ = {
			isa = PBXVariantGroup;
			children = (
				4A95972F1E6091A7008BE9DD /* Base */,
			);
			name = Main.storyboard;
			sourceTree = "<group>";
		};
		4A9597331E6091A7008BE9DD /* LaunchScreen.storyboard */ = {
			isa = PBXVariantGroup;
			children = (
				4A9597341E6091A7008BE9DD /* Base */,
			);
			name = LaunchScreen.storyboard;
			sourceTree = "<group>";
		};
/* End PBXVariantGroup section */

/* Begin XCBuildConfiguration section */
		4A9597371E6091A7008BE9DD /* Debug */ = {
			isa = XCBuildConfiguration;
			buildSettings = {
				ALWAYS_SEARCH_USER_PATHS = NO;
				CLANG_ANALYZER_NONNULL = YES;
				CLANG_CXX_LANGUAGE_STANDARD = "gnu++0x";
				CLANG_CXX_LIBRARY = "libc++";
				CLANG_ENABLE_MODULES = YES;
				CLANG_ENABLE_OBJC_ARC = YES;
				CLANG_WARN_BOOL_CONVERSION = YES;
				CLANG_WARN_CONSTANT_CONVERSION = YES;
				CLANG_WARN_DIRECT_OBJC_ISA_USAGE = YES_ERROR;
				CLANG_WARN_DOCUMENTATION_COMMENTS = YES;
				CLANG_WARN_EMPTY_BODY = YES;
				CLANG_WARN_ENUM_CONVERSION = YES;
				CLANG_WARN_INFINITE_RECURSION = YES;
				CLANG_WARN_INT_CONVERSION = YES;
				CLANG_WARN_OBJC_ROOT_CLASS = YES_ERROR;
				CLANG_WARN_SUSPICIOUS_MOVE = YES;
				CLANG_WARN_UNREACHABLE_CODE = YES;
				CLANG_WARN__DUPLICATE_METHOD_MATCH = YES;
				"CODE_SIGN_IDENTITY[sdk=iphoneos*]" = "iPhone Developer";
				COPY_PHASE_STRIP = NO;
				DEBUG_INFORMATION_FORMAT = dwarf;
				ENABLE_STRICT_OBJC_MSGSEND = YES;
				ENABLE_TESTABILITY = YES;
				GCC_C_LANGUAGE_STANDARD = gnu99;
				GCC_DYNAMIC_NO_PIC = NO;
				GCC_NO_COMMON_BLOCKS = YES;
				GCC_OPTIMIZATION_LEVEL = 0;
				GCC_PREPROCESSOR_DEFINITIONS = (
					"DEBUG=1",
					"$(inherited)",
				);
				GCC_WARN_64_TO_32_BIT_CONVERSION = YES;
				GCC_WARN_ABOUT_RETURN_TYPE = YES_ERROR;
				GCC_WARN_UNDECLARED_SELECTOR = YES;
				GCC_WARN_UNINITIALIZED_AUTOS = YES_AGGRESSIVE;
				GCC_WARN_UNUSED_FUNCTION = YES;
				GCC_WARN_UNUSED_VARIABLE = YES;
				IPHONEOS_DEPLOYMENT_TARGET = 10.2;
				MTL_ENABLE_DEBUG_INFO = YES;
				ONLY_ACTIVE_ARCH = YES;
				SDKROOT = iphoneos;
				SWIFT_ACTIVE_COMPILATION_CONDITIONS = DEBUG;
				SWIFT_OPTIMIZATION_LEVEL = "-Onone";
			};
			name = Debug;
		};
		4A9597381E6091A7008BE9DD /* Release */ = {
			isa = XCBuildConfiguration;
			buildSettings = {
				ALWAYS_SEARCH_USER_PATHS = NO;
				CLANG_ANALYZER_NONNULL = YES;
				CLANG_CXX_LANGUAGE_STANDARD = "gnu++0x";
				CLANG_CXX_LIBRARY = "libc++";
				CLANG_ENABLE_MODULES = YES;
				CLANG_ENABLE_OBJC_ARC = YES;
				CLANG_WARN_BOOL_CONVERSION = YES;
				CLANG_WARN_CONSTANT_CONVERSION = YES;
				CLANG_WARN_DIRECT_OBJC_ISA_USAGE = YES_ERROR;
				CLANG_WARN_DOCUMENTATION_COMMENTS = YES;
				CLANG_WARN_EMPTY_BODY = YES;
				CLANG_WARN_ENUM_CONVERSION = YES;
				CLANG_WARN_INFINITE_RECURSION = YES;
				CLANG_WARN_INT_CONVERSION = YES;
				CLANG_WARN_OBJC_ROOT_CLASS = YES_ERROR;
				CLANG_WARN_SUSPICIOUS_MOVE = YES;
				CLANG_WARN_UNREACHABLE_CODE = YES;
				CLANG_WARN__DUPLICATE_METHOD_MATCH = YES;
				"CODE_SIGN_IDENTITY[sdk=iphoneos*]" = "iPhone Developer";
				COPY_PHASE_STRIP = NO;
				DEBUG_INFORMATION_FORMAT = "dwarf-with-dsym";
				ENABLE_NS_ASSERTIONS = NO;
				ENABLE_STRICT_OBJC_MSGSEND = YES;
				GCC_C_LANGUAGE_STANDARD = gnu99;
				GCC_NO_COMMON_BLOCKS = YES;
				GCC_WARN_64_TO_32_BIT_CONVERSION = YES;
				GCC_WARN_ABOUT_RETURN_TYPE = YES_ERROR;
				GCC_WARN_UNDECLARED_SELECTOR = YES;
				GCC_WARN_UNINITIALIZED_AUTOS = YES_AGGRESSIVE;
				GCC_WARN_UNUSED_FUNCTION = YES;
				GCC_WARN_UNUSED_VARIABLE = YES;
				IPHONEOS_DEPLOYMENT_TARGET = 10.2;
				MTL_ENABLE_DEBUG_INFO = NO;
				SDKROOT = iphoneos;
				SWIFT_OPTIMIZATION_LEVEL = "-Owholemodule";
				VALIDATE_PRODUCT = YES;
			};
			name = Release;
		};
		4A95973A1E6091A7008BE9DD /* Debug */ = {
			isa = XCBuildConfiguration;
			buildSettings = {
				ASSETCATALOG_COMPILER_APPICON_NAME = AppIcon;
				CODE_SIGN_ENTITLEMENTS = Contacts/Contacts.entitlements;
				DEVELOPMENT_TEAM = W9GXW6462G;
				INFOPLIST_FILE = Contacts/Info.plist;
				LD_RUNPATH_SEARCH_PATHS = "$(inherited) @executable_path/Frameworks";
				PRODUCT_BUNDLE_IDENTIFIER = chancerobertson.Contacts2;
				PRODUCT_NAME = "$(TARGET_NAME)";
				SWIFT_VERSION = 3.0;
			};
			name = Debug;
		};
		4A95973B1E6091A7008BE9DD /* Release */ = {
			isa = XCBuildConfiguration;
			buildSettings = {
				ASSETCATALOG_COMPILER_APPICON_NAME = AppIcon;
				CODE_SIGN_ENTITLEMENTS = Contacts/Contacts.entitlements;
				DEVELOPMENT_TEAM = W9GXW6462G;
				INFOPLIST_FILE = Contacts/Info.plist;
				LD_RUNPATH_SEARCH_PATHS = "$(inherited) @executable_path/Frameworks";
				PRODUCT_BUNDLE_IDENTIFIER = chancerobertson.Contacts2;
				PRODUCT_NAME = "$(TARGET_NAME)";
				SWIFT_VERSION = 3.0;
			};
			name = Release;
		};
/* End XCBuildConfiguration section */

/* Begin XCConfigurationList section */
		4A9597221E6091A7008BE9DD /* Build configuration list for PBXProject "Contacts" */ = {
			isa = XCConfigurationList;
			buildConfigurations = (
				4A9597371E6091A7008BE9DD /* Debug */,
				4A9597381E6091A7008BE9DD /* Release */,
			);
			defaultConfigurationIsVisible = 0;
			defaultConfigurationName = Release;
		};
		4A9597391E6091A7008BE9DD /* Build configuration list for PBXNativeTarget "Contacts" */ = {
			isa = XCConfigurationList;
			buildConfigurations = (
				4A95973A1E6091A7008BE9DD /* Debug */,
				4A95973B1E6091A7008BE9DD /* Release */,
			);
			defaultConfigurationIsVisible = 0;
			defaultConfigurationName = Release;
		};
/* End XCConfigurationList section */
	};
	rootObject = 4A95971F1E6091A7008BE9DD /* Project object */;
}
